
Microsoft Visual Studio Solution File, Format Version 12.00
# Visual Studio 14
VisualStudioVersion = 14.0.25420.1
MinimumVisualStudioVersion = 10.0.40219.1
Project("{FAE04EC0-301F-11D3-BF4B-00C04F79EFBC}") = "IMS.Web", "IMS.Web\IMS.Web.csproj", "{F9B7E26E-BE14-411C-A4B7-AB69669FF903}"
EndProject
Project("{FAE04EC0-301F-11D3-BF4B-00C04F79EFBC}") = "IMS", "IMS\IMS.csproj", "{819F80C8-2CF4-45FC-98A4-31FBED8396C2}"
EndProject
Project("{FAE04EC0-301F-11D3-BF4B-00C04F79EFBC}") = "Dapper", "Dapper\Dapper.csproj", "{0A1C43EE-7591-4A43-B268-264301796F7C}"
EndProject
Project("{FAE04EC0-301F-11D3-BF4B-00C04F79EFBC}") = "DapperExtensions", "DapperExtensions\DapperExtensions.csproj", "{607E18E3-8C04-4045-914D-05DF4A830790}"
EndProject
Project("{FAE04EC0-301F-11D3-BF4B-00C04F79EFBC}") = "IMS.Data", "IMS.Data\IMS.Data.csproj", "{E500C549-B7AA-4BFD-B6E4-5D311A9490A9}"
EndProject
Project("{FAE04EC0-301F-11D3-BF4B-00C04F79EFBC}") = "IMS.Model", "IMS.Model\IMS.Model.csproj", "{AA89DCF3-5E2C-4F1D-9F08-D8016824D580}"
EndProject
Project("{FAE04EC0-301F-11D3-BF4B-00C04F79EFBC}") = "IMS.Services", "IMS.Services\IMS.Services.csproj", "{C9843C66-7C45-4507-8930-E6A7DFAB5FC9}"
EndProject
Global
	GlobalSection(SolutionConfigurationPlatforms) = preSolution
		Debug|Any CPU = Debug|Any CPU
		Release|Any CPU = Release|Any CPU
	EndGlobalSection
	GlobalSection(ProjectConfigurationPlatforms) = postSolution
		{F9B7E26E-BE14-411C-A4B7-AB69669FF903}.Debug|Any CPU.ActiveCfg = Debug|Any CPU
		{F9B7E26E-BE14-411C-A4B7-AB69669FF903}.Debug|Any CPU.Build.0 = Debug|Any CPU
		{F9B7E26E-BE14-411C-A4B7-AB69669FF903}.Release|Any CPU.ActiveCfg = Release|Any CPU
		{F9B7E26E-BE14-411C-A4B7-AB69669FF903}.Release|Any CPU.Build.0 = Release|Any CPU
		{819F80C8-2CF4-45FC-98A4-31FBED8396C2}.Debug|Any CPU.ActiveCfg = Debug|Any CPU
		{819F80C8-2CF4-45FC-98A4-31FBED8396C2}.Debug|Any CPU.Build.0 = Debug|Any CPU
		{819F80C8-2CF4-45FC-98A4-31FBED8396C2}.Release|Any CPU.ActiveCfg = Release|Any CPU
		{819F80C8-2CF4-45FC-98A4-31FBED8396C2}.Release|Any CPU.Build.0 = Release|Any CPU
		{0A1C43EE-7591-4A43-B268-264301796F7C}.Debug|Any CPU.ActiveCfg = Debug|Any CPU
		{0A1C43EE-7591-4A43-B268-264301796F7C}.Debug|Any CPU.Build.0 = Debug|Any CPU
		{0A1C43EE-7591-4A43-B268-264301796F7C}.Release|Any CPU.ActiveCfg = Release|Any CPU
		{0A1C43EE-7591-4A43-B268-264301796F7C}.Release|Any CPU.Build.0 = Release|Any CPU
		{607E18E3-8C04-4045-914D-05DF4A830790}.Debug|Any CPU.ActiveCfg = Debug|Any CPU
		{607E18E3-8C04-4045-914D-05DF4A830790}.Debug|Any CPU.Build.0 = Debug|Any CPU
		{607E18E3-8C04-4045-914D-05DF4A830790}.Release|Any CPU.ActiveCfg = Release|Any CPU
		{607E18E3-8C04-4045-914D-05DF4A830790}.Release|Any CPU.Build.0 = Release|Any CPU
		{E500C549-B7AA-4BFD-B6E4-5D311A9490A9}.Debug|Any CPU.ActiveCfg = Debug|Any CPU
		{E500C549-B7AA-4BFD-B6E4-5D311A9490A9}.Debug|Any CPU.Build.0 = Debug|Any CPU
		{E500C549-B7AA-4BFD-B6E4-5D311A9490A9}.Release|Any CPU.ActiveCfg = Release|Any CPU
		{E500C549-B7AA-4BFD-B6E4-5D311A9490A9}.Release|Any CPU.Build.0 = Release|Any CPU
		{AA89DCF3-5E2C-4F1D-9F08-D8016824D580}.Debug|Any CPU.ActiveCfg = Debug|Any CPU
		{AA89DCF3-5E2C-4F1D-9F08-D8016824D580}.Debug|Any CPU.Build.0 = Debug|Any CPU
		{AA89DCF3-5E2C-4F1D-9F08-D8016824D580}.Release|Any CPU.ActiveCfg = Release|Any CPU
		{AA89DCF3-5E2C-4F1D-9F08-D8016824D580}.Release|Any CPU.Build.0 = Release|Any CPU
		{C9843C66-7C45-4507-8930-E6A7DFAB5FC9}.Debug|Any CPU.ActiveCfg = Debug|Any CPU
		{C9843C66-7C45-4507-8930-E6A7DFAB5FC9}.Debug|Any CPU.Build.0 = Debug|Any CPU
		{C9843C66-7C45-4507-8930-E6A7DFAB5FC9}.Release|Any CPU.ActiveCfg = Release|Any CPU
		{C9843C66-7C45-4507-8930-E6A7DFAB5FC9}.Release|Any CPU.Build.0 = Release|Any CPU
	EndGlobalSection
	GlobalSection(SolutionProperties) = preSolution
		HideSolutionNode = FALSE
	EndGlobalSection
EndGlobal
